
Microsoft Visual Studio Solution File, Format Version 12.00
# Visual Studio 15
VisualStudioVersion = 15.0.26430.16
MinimumVisualStudioVersion = 10.0.40219.1
Project("{FAE04EC0-301F-11D3-BF4B-00C04F79EFBC}") = "GetHired.DomainModels", "GetHired.DomainModels\GetHired.DomainModels.csproj", "{CD3237F3-97CE-428B-A4B1-85E567E7DAD6}"
EndProject
Project("{FAE04EC0-301F-11D3-BF4B-00C04F79EFBC}") = "GetHired.DataModels", "GetHired.DataModels\GetHired.DataModels.csproj", "{E7A3FF23-95AC-4C7A-AB7C-36C93E2568C2}"
EndProject
Project("{FAE04EC0-301F-11D3-BF4B-00C04F79EFBC}") = "GetHired.Core", "GetHired.Core\GetHired.Core.csproj", "{9E3CFC76-3EE6-44DE-A632-788A7F6FF5B6}"
EndProject
Project("{FAE04EC0-301F-11D3-BF4B-00C04F79EFBC}") = "GetHired.IntegrationTests", "GetHired.IntegrationTests\GetHired.IntegrationTests.csproj", "{43251A60-E0DA-4311-921D-0427165E4FAA}"
EndProject
Project("{FAE04EC0-301F-11D3-BF4B-00C04F79EFBC}") = "GetHired.Services", "GetHired.Services\GetHired.Services.csproj", "{E59D5F5A-0D55-4FE1-A044-765FD6B2FF24}"
EndProject
Project("{FAE04EC0-301F-11D3-BF4B-00C04F79EFBC}") = "GetHired.DTO", "GetHired.DTO\GetHired.DTO.csproj", "{469A47B2-848B-4F50-ADCE-EBE0411F690F}"
EndProject
Project("{FAE04EC0-301F-11D3-BF4B-00C04F79EFBC}") = "GetHired.UnitTests", "GetHired.UnitTests\GetHired.UnitTests.csproj", "{7A89514E-96B2-41AD-86CA-F5AE709C0531}"
EndProject
Project("{FAE04EC0-301F-11D3-BF4B-00C04F79EFBC}") = "GetHired.ASPClient", "GetHired.ASPClient\GetHired.ASPClient.csproj", "{AA80902C-E302-4A26-AB2B-E8DD04C73D07}"
EndProject
Global
	GlobalSection(SolutionConfigurationPlatforms) = preSolution
		Debug|Any CPU = Debug|Any CPU
		Release|Any CPU = Release|Any CPU
	EndGlobalSection
	GlobalSection(ProjectConfigurationPlatforms) = postSolution
		{CD3237F3-97CE-428B-A4B1-85E567E7DAD6}.Debug|Any CPU.ActiveCfg = Debug|Any CPU
		{CD3237F3-97CE-428B-A4B1-85E567E7DAD6}.Debug|Any CPU.Build.0 = Debug|Any CPU
		{CD3237F3-97CE-428B-A4B1-85E567E7DAD6}.Release|Any CPU.ActiveCfg = Release|Any CPU
		{CD3237F3-97CE-428B-A4B1-85E567E7DAD6}.Release|Any CPU.Build.0 = Release|Any CPU
		{E7A3FF23-95AC-4C7A-AB7C-36C93E2568C2}.Debug|Any CPU.ActiveCfg = Debug|Any CPU
		{E7A3FF23-95AC-4C7A-AB7C-36C93E2568C2}.Debug|Any CPU.Build.0 = Debug|Any CPU
		{E7A3FF23-95AC-4C7A-AB7C-36C93E2568C2}.Release|Any CPU.ActiveCfg = Release|Any CPU
		{E7A3FF23-95AC-4C7A-AB7C-36C93E2568C2}.Release|Any CPU.Build.0 = Release|Any CPU
		{9E3CFC76-3EE6-44DE-A632-788A7F6FF5B6}.Debug|Any CPU.ActiveCfg = Debug|Any CPU
		{9E3CFC76-3EE6-44DE-A632-788A7F6FF5B6}.Debug|Any CPU.Build.0 = Debug|Any CPU
		{9E3CFC76-3EE6-44DE-A632-788A7F6FF5B6}.Release|Any CPU.ActiveCfg = Release|Any CPU
		{9E3CFC76-3EE6-44DE-A632-788A7F6FF5B6}.Release|Any CPU.Build.0 = Release|Any CPU
		{43251A60-E0DA-4311-921D-0427165E4FAA}.Debug|Any CPU.ActiveCfg = Debug|Any CPU
		{43251A60-E0DA-4311-921D-0427165E4FAA}.Debug|Any CPU.Build.0 = Debug|Any CPU
		{43251A60-E0DA-4311-921D-0427165E4FAA}.Release|Any CPU.ActiveCfg = Release|Any CPU
		{43251A60-E0DA-4311-921D-0427165E4FAA}.Release|Any CPU.Build.0 = Release|Any CPU
		{E59D5F5A-0D55-4FE1-A044-765FD6B2FF24}.Debug|Any CPU.ActiveCfg = Debug|Any CPU
		{E59D5F5A-0D55-4FE1-A044-765FD6B2FF24}.Debug|Any CPU.Build.0 = Debug|Any CPU
		{E59D5F5A-0D55-4FE1-A044-765FD6B2FF24}.Release|Any CPU.ActiveCfg = Release|Any CPU
		{E59D5F5A-0D55-4FE1-A044-765FD6B2FF24}.Release|Any CPU.Build.0 = Release|Any CPU
		{469A47B2-848B-4F50-ADCE-EBE0411F690F}.Debug|Any CPU.ActiveCfg = Debug|Any CPU
		{469A47B2-848B-4F50-ADCE-EBE0411F690F}.Debug|Any CPU.Build.0 = Debug|Any CPU
		{469A47B2-848B-4F50-ADCE-EBE0411F690F}.Release|Any CPU.ActiveCfg = Release|Any CPU
		{469A47B2-848B-4F50-ADCE-EBE0411F690F}.Release|Any CPU.Build.0 = Release|Any CPU
		{7A89514E-96B2-41AD-86CA-F5AE709C0531}.Debug|Any CPU.ActiveCfg = Debug|Any CPU
		{7A89514E-96B2-41AD-86CA-F5AE709C0531}.Debug|Any CPU.Build.0 = Debug|Any CPU
		{7A89514E-96B2-41AD-86CA-F5AE709C0531}.Release|Any CPU.ActiveCfg = Release|Any CPU
		{7A89514E-96B2-41AD-86CA-F5AE709C0531}.Release|Any CPU.Build.0 = Release|Any CPU
		{AA80902C-E302-4A26-AB2B-E8DD04C73D07}.Debug|Any CPU.ActiveCfg = Debug|Any CPU
		{AA80902C-E302-4A26-AB2B-E8DD04C73D07}.Debug|Any CPU.Build.0 = Debug|Any CPU
		{AA80902C-E302-4A26-AB2B-E8DD04C73D07}.Release|Any CPU.ActiveCfg = Release|Any CPU
		{AA80902C-E302-4A26-AB2B-E8DD04C73D07}.Release|Any CPU.Build.0 = Release|Any CPU
	EndGlobalSection
	GlobalSection(SolutionProperties) = preSolution
		HideSolutionNode = FALSE
	EndGlobalSection
	GlobalSection(ExtensibilityGlobals) = postSolution
		SolutionGuid = {7521970A-B6CF-4F09-8FA3-A8209271BC21}
	EndGlobalSection
EndGlobal
